
Microsoft Visual Studio Solution File, Format Version 12.00
# Visual Studio 2012
Project("{FAE04EC0-301F-11D3-BF4B-00C04F79EFBC}") = "Model", "Model\Model.csproj", "{A1875C5D-CDA5-4A18-A5B7-6D2D2BEE592C}"
EndProject
Project("{FAE04EC0-301F-11D3-BF4B-00C04F79EFBC}") = "MapApplication", "MapApplication\MapApplication.csproj", "{0258B4EA-107F-4140-8311-44C8F0C3843E}"
EndProject
Global
	GlobalSection(SolutionConfigurationPlatforms) = preSolution
		Debug|Any CPU = Debug|Any CPU
		Release|Any CPU = Release|Any CPU
	EndGlobalSection
	GlobalSection(ProjectConfigurationPlatforms) = postSolution
		{A1875C5D-CDA5-4A18-A5B7-6D2D2BEE592C}.Debug|Any CPU.ActiveCfg = Debug|Any CPU
		{A1875C5D-CDA5-4A18-A5B7-6D2D2BEE592C}.Debug|Any CPU.Build.0 = Debug|Any CPU
		{A1875C5D-CDA5-4A18-A5B7-6D2D2BEE592C}.Release|Any CPU.ActiveCfg = Release|Any CPU
		{A1875C5D-CDA5-4A18-A5B7-6D2D2BEE592C}.Release|Any CPU.Build.0 = Release|Any CPU
		{0258B4EA-107F-4140-8311-44C8F0C3843E}.Debug|Any CPU.ActiveCfg = Debug|Any CPU
		{0258B4EA-107F-4140-8311-44C8F0C3843E}.Debug|Any CPU.Build.0 = Debug|Any CPU
		{0258B4EA-107F-4140-8311-44C8F0C3843E}.Release|Any CPU.ActiveCfg = Release|Any CPU
		{0258B4EA-107F-4140-8311-44C8F0C3843E}.Release|Any CPU.Build.0 = Release|Any CPU
	EndGlobalSection
	GlobalSection(SolutionProperties) = preSolution
		HideSolutionNode = FALSE
	EndGlobalSection
EndGlobal
